
Microsoft Visual Studio Solution File, Format Version 12.00
# Visual Studio Version 17
VisualStudioVersion = 17.7.34202.233
MinimumVisualStudioVersion = 10.0.40219.1
Project("{FAE04EC0-301F-11D3-BF4B-00C04F79EFBC}") = "Виселица", "Виселица\Виселица.csproj", "{AF425387-259A-40B9-AAB8-CB5EEDC94342}"
EndProject
Global
	GlobalSection(SolutionConfigurationPlatforms) = preSolution
		Debug|Any CPU = Debug|Any CPU
		Release|Any CPU = Release|Any CPU
	EndGlobalSection
	GlobalSection(ProjectConfigurationPlatforms) = postSolution
		{AF425387-259A-40B9-AAB8-CB5EEDC94342}.Debug|Any CPU.ActiveCfg = Debug|Any CPU
		{AF425387-259A-40B9-AAB8-CB5EEDC94342}.Debug|Any CPU.Build.0 = Debug|Any CPU
		{AF425387-259A-40B9-AAB8-CB5EEDC94342}.Release|Any CPU.ActiveCfg = Release|Any CPU
		{AF425387-259A-40B9-AAB8-CB5EEDC94342}.Release|Any CPU.Build.0 = Release|Any CPU
	EndGlobalSection
	GlobalSection(SolutionProperties) = preSolution
		HideSolutionNode = FALSE
	EndGlobalSection
	GlobalSection(ExtensibilityGlobals) = postSolution
		SolutionGuid = {3A9B35F1-4622-4768-85E5-5DC41FCEDB0A}
	EndGlobalSection
EndGlobal
